// !$*UTF8*$!
{
	archiveVersion = 1;
	classes = {
	};
	objectVersion = 48;
	objects = {

/* Begin PBXBuildFile section */
		180F104D201032FB003B3245 /* AppDelegate.m in Sources */ = {isa = PBXBuildFile; fileRef = 180F104C201032FB003B3245 /* AppDelegate.m */; };
		180F1050201032FB003B3245 /* ViewController.m in Sources */ = {isa = PBXBuildFile; fileRef = 180F104F201032FB003B3245 /* ViewController.m */; };
		180F1053201032FB003B3245 /* Main.storyboard in Resources */ = {isa = PBXBuildFile; fileRef = 180F1051201032FB003B3245 /* Main.storyboard */; };
		180F1055201032FB003B3245 /* Assets.xcassets in Resources */ = {isa = PBXBuildFile; fileRef = 180F1054201032FB003B3245 /* Assets.xcassets */; };
		180F1058201032FB003B3245 /* LaunchScreen.storyboard in Resources */ = {isa = PBXBuildFile; fileRef = 180F1056201032FB003B3245 /* LaunchScreen.storyboard */; };
		180F105B201032FB003B3245 /* main.m in Sources */ = {isa = PBXBuildFile; fileRef = 180F105A201032FB003B3245 /* main.m */; };
		180F1065201032FB003B3245 /* SCDemoUITests.m in Sources */ = {isa = PBXBuildFile; fileRef = 180F1064201032FB003B3245 /* SCDemoUITests.m */; };
		180F1096201035AB003B3245 /* LICENSE in Resources */ = {isa = PBXBuildFile; fileRef = 180F1070201035AB003B3245 /* LICENSE */; };
		180F1097201035AB003B3245 /* README.md in Resources */ = {isa = PBXBuildFile; fileRef = 180F1071201035AB003B3245 /* README.md */; };
		180F1098201035AB003B3245 /* SDWebImageManager.m in Sources */ = {isa = PBXBuildFile; fileRef = 180F1076201035AB003B3245 /* SDWebImageManager.m */; };
		180F1099201035AB003B3245 /* SDWebImageDecoder.m in Sources */ = {isa = PBXBuildFile; fileRef = 180F1077201035AB003B3245 /* SDWebImageDecoder.m */; };
		180F109A201035AB003B3245 /* UIImageView+HighlightedWebCache.m in Sources */ = {isa = PBXBuildFile; fileRef = 180F1079201035AB003B3245 /* UIImageView+HighlightedWebCache.m */; };
		180F109B201035AB003B3245 /* SDWebImageDownloader.m in Sources */ = {isa = PBXBuildFile; fileRef = 180F107C201035AB003B3245 /* SDWebImageDownloader.m */; };
		180F109C201035AB003B3245 /* UIImage+GIF.m in Sources */ = {isa = PBXBuildFile; fileRef = 180F107D201035AB003B3245 /* UIImage+GIF.m */; };
		180F109D201035AB003B3245 /* UIImage+MultiFormat.m in Sources */ = {isa = PBXBuildFile; fileRef = 180F107F201035AB003B3245 /* UIImage+MultiFormat.m */; };
		180F109E201035AB003B3245 /* SDWebImageCompat.m in Sources */ = {isa = PBXBuildFile; fileRef = 180F1080201035AB003B3245 /* SDWebImageCompat.m */; };
		180F109F201035AB003B3245 /* SDWebImagePrefetcher.m in Sources */ = {isa = PBXBuildFile; fileRef = 180F1081201035AB003B3245 /* SDWebImagePrefetcher.m */; };
		180F10A0201035AB003B3245 /* SDImageCache.m in Sources */ = {isa = PBXBuildFile; fileRef = 180F1084201035AB003B3245 /* SDImageCache.m */; };
		180F10A1201035AB003B3245 /* SDWebImageDownloaderOperation.m in Sources */ = {isa = PBXBuildFile; fileRef = 180F1086201035AB003B3245 /* SDWebImageDownloaderOperation.m */; };
		180F10A2201035AB003B3245 /* NSData+ImageContentType.m in Sources */ = {isa = PBXBuildFile; fileRef = 180F1089201035AB003B3245 /* NSData+ImageContentType.m */; };
		180F10A3201035AB003B3245 /* UIImageView+WebCache.m in Sources */ = {isa = PBXBuildFile; fileRef = 180F108A201035AB003B3245 /* UIImageView+WebCache.m */; };
		180F10A4201035AB003B3245 /* NSImage+WebCache.m in Sources */ = {isa = PBXBuildFile; fileRef = 180F108C201035AB003B3245 /* NSImage+WebCache.m */; };
		180F10A5201035AB003B3245 /* SDImageCacheConfig.m in Sources */ = {isa = PBXBuildFile; fileRef = 180F108E201035AB003B3245 /* SDImageCacheConfig.m */; };
		180F10A6201035AB003B3245 /* UIView+WebCacheOperation.m in Sources */ = {isa = PBXBuildFile; fileRef = 180F108F201035AB003B3245 /* UIView+WebCacheOperation.m */; };
		180F10A7201035AB003B3245 /* UIView+WebCache.m in Sources */ = {isa = PBXBuildFile; fileRef = 180F1090201035AB003B3245 /* UIView+WebCache.m */; };
		180F10A8201035AB003B3245 /* UIButton+WebCache.m in Sources */ = {isa = PBXBuildFile; fileRef = 180F1094201035AB003B3245 /* UIButton+WebCache.m */; };
		180F10B12010421A003B3245 /* YYWeakProxy.m in Sources */ = {isa = PBXBuildFile; fileRef = 180F10AD2010421A003B3245 /* YYWeakProxy.m */; };
		180F10B22010421A003B3245 /* YYFPSLabel.m in Sources */ = {isa = PBXBuildFile; fileRef = 180F10AF2010421A003B3245 /* YYFPSLabel.m */; };
		180F10CF201070BF003B3245 /* TableViewCell.m in Sources */ = {isa = PBXBuildFile; fileRef = 180F10CD201070BF003B3245 /* TableViewCell.m */; };
		180F10D0201070BF003B3245 /* TableViewCell.xib in Resources */ = {isa = PBXBuildFile; fileRef = 180F10CE201070BF003B3245 /* TableViewCell.xib */; };
		180F10D920107286003B3245 /* SubTableViewCell.m in Sources */ = {isa = PBXBuildFile; fileRef = 180F10D720107286003B3245 /* SubTableViewCell.m */; };
		180F10DA20107286003B3245 /* SubTableViewCell.xib in Resources */ = {isa = PBXBuildFile; fileRef = 180F10D820107286003B3245 /* SubTableViewCell.xib */; };
/* End PBXBuildFile section */

/* Begin PBXContainerItemProxy section */
		180F1061201032FB003B3245 /* PBXContainerItemProxy */ = {
			isa = PBXContainerItemProxy;
			containerPortal = 180F1040201032FB003B3245 /* Project object */;
			proxyType = 1;
			remoteGlobalIDString = 180F1047201032FB003B3245;
			remoteInfo = SCDemo;
		};
/* End PBXContainerItemProxy section */

/* Begin PBXFileReference section */
		180F1048201032FB003B3245 /* SCDemo.app */ = {isa = PBXFileReference; explicitFileType = wrapper.application; includeInIndex = 0; path = SCDemo.app; sourceTree = BUILT_PRODUCTS_DIR; };
		180F104B201032FB003B3245 /* AppDelegate.h */ = {isa = PBXFileReference; lastKnownFileType = sourcecode.c.h; path = AppDelegate.h; sourceTree = "<group>"; };
		180F104C201032FB003B3245 /* AppDelegate.m */ = {isa = PBXFileReference; lastKnownFileType = sourcecode.c.objc; path = AppDelegate.m; sourceTree = "<group>"; };
		180F104E201032FB003B3245 /* ViewController.h */ = {isa = PBXFileReference; lastKnownFileType = sourcecode.c.h; path = ViewController.h; sourceTree = "<group>"; };
		180F104F201032FB003B3245 /* ViewController.m */ = {isa = PBXFileReference; lastKnownFileType = sourcecode.c.objc; path = ViewController.m; sourceTree = "<group>"; };
		180F1052201032FB003B3245 /* Base */ = {isa = PBXFileReference; lastKnownFileType = file.storyboard; name = Base; path = Base.lproj/Main.storyboard; sourceTree = "<group>"; };
		180F1054201032FB003B3245 /* Assets.xcassets */ = {isa = PBXFileReference; lastKnownFileType = folder.assetcatalog; path = Assets.xcassets; sourceTree = "<group>"; };
		180F1057201032FB003B3245 /* Base */ = {isa = PBXFileReference; lastKnownFileType = file.storyboard; name = Base; path = Base.lproj/LaunchScreen.storyboard; sourceTree = "<group>"; };
		180F1059201032FB003B3245 /* Info.plist */ = {isa = PBXFileReference; lastKnownFileType = text.plist.xml; path = Info.plist; sourceTree = "<group>"; };
		180F105A201032FB003B3245 /* main.m */ = {isa = PBXFileReference; lastKnownFileType = sourcecode.c.objc; path = main.m; sourceTree = "<group>"; };
		180F1060201032FB003B3245 /* SCDemoUITests.xctest */ = {isa = PBXFileReference; explicitFileType = wrapper.cfbundle; includeInIndex = 0; path = SCDemoUITests.xctest; sourceTree = BUILT_PRODUCTS_DIR; };
		180F1064201032FB003B3245 /* SCDemoUITests.m */ = {isa = PBXFileReference; lastKnownFileType = sourcecode.c.objc; path = SCDemoUITests.m; sourceTree = "<group>"; };
		180F1066201032FB003B3245 /* Info.plist */ = {isa = PBXFileReference; lastKnownFileType = text.plist.xml; path = Info.plist; sourceTree = "<group>"; };
		180F1070201035AB003B3245 /* LICENSE */ = {isa = PBXFileReference; fileEncoding = 4; lastKnownFileType = text; path = LICENSE; sourceTree = "<group>"; };
		180F1071201035AB003B3245 /* README.md */ = {isa = PBXFileReference; fileEncoding = 4; lastKnownFileType = net.daringfireball.markdown; path = README.md; sourceTree = "<group>"; };
		180F1073201035AB003B3245 /* NSImage+WebCache.h */ = {isa = PBXFileReference; fileEncoding = 4; lastKnownFileType = sourcecode.c.h; path = "NSImage+WebCache.h"; sourceTree = "<group>"; };
		180F1074201035AB003B3245 /* UIImageView+WebCache.h */ = {isa = PBXFileReference; fileEncoding = 4; lastKnownFileType = sourcecode.c.h; path = "UIImageView+WebCache.h"; sourceTree = "<group>"; };
		180F1075201035AB003B3245 /* NSData+ImageContentType.h */ = {isa = PBXFileReference; fileEncoding = 4; lastKnownFileType = sourcecode.c.h; path = "NSData+ImageContentType.h"; sourceTree = "<group>"; };
		180F1076201035AB003B3245 /* SDWebImageManager.m */ = {isa = PBXFileReference; fileEncoding = 4; lastKnownFileType = sourcecode.c.objc; path = SDWebImageManager.m; sourceTree = "<group>"; };
		180F1077201035AB003B3245 /* SDWebImageDecoder.m */ = {isa = PBXFileReference; fileEncoding = 4; lastKnownFileType = sourcecode.c.objc; path = SDWebImageDecoder.m; sourceTree = "<group>"; };
		180F1078201035AB003B3245 /* SDWebImageDownloaderOperation.h */ = {isa = PBXFileReference; fileEncoding = 4; lastKnownFileType = sourcecode.c.h; path = SDWebImageDownloaderOperation.h; sourceTree = "<group>"; };
		180F1079201035AB003B3245 /* UIImageView+HighlightedWebCache.m */ = {isa = PBXFileReference; fileEncoding = 4; lastKnownFileType = sourcecode.c.objc; path = "UIImageView+HighlightedWebCache.m"; sourceTree = "<group>"; };
		180F107A201035AB003B3245 /* SDImageCache.h */ = {isa = PBXFileReference; fileEncoding = 4; lastKnownFileType = sourcecode.c.h; path = SDImageCache.h; sourceTree = "<group>"; };
		180F107B201035AB003B3245 /* SDImageCacheConfig.h */ = {isa = PBXFileReference; fileEncoding = 4; lastKnownFileType = sourcecode.c.h; path = SDImageCacheConfig.h; sourceTree = "<group>"; };
		180F107C201035AB003B3245 /* SDWebImageDownloader.m */ = {isa = PBXFileReference; fileEncoding = 4; lastKnownFileType = sourcecode.c.objc; path = SDWebImageDownloader.m; sourceTree = "<group>"; };
		180F107D201035AB003B3245 /* UIImage+GIF.m */ = {isa = PBXFileReference; fileEncoding = 4; lastKnownFileType = sourcecode.c.objc; path = "UIImage+GIF.m"; sourceTree = "<group>"; };
		180F107E201035AB003B3245 /* UIButton+WebCache.h */ = {isa = PBXFileReference; fileEncoding = 4; lastKnownFileType = sourcecode.c.h; path = "UIButton+WebCache.h"; sourceTree = "<group>"; };
		180F107F201035AB003B3245 /* UIImage+MultiFormat.m */ = {isa = PBXFileReference; fileEncoding = 4; lastKnownFileType = sourcecode.c.objc; path = "UIImage+MultiFormat.m"; sourceTree = "<group>"; };
		180F1080201035AB003B3245 /* SDWebImageCompat.m */ = {isa = PBXFileReference; fileEncoding = 4; lastKnownFileType = sourcecode.c.objc; path = SDWebImageCompat.m; sourceTree = "<group>"; };
		180F1081201035AB003B3245 /* SDWebImagePrefetcher.m */ = {isa = PBXFileReference; fileEncoding = 4; lastKnownFileType = sourcecode.c.objc; path = SDWebImagePrefetcher.m; sourceTree = "<group>"; };
		180F1082201035AB003B3245 /* UIView+WebCache.h */ = {isa = PBXFileReference; fileEncoding = 4; lastKnownFileType = sourcecode.c.h; path = "UIView+WebCache.h"; sourceTree = "<group>"; };
		180F1083201035AB003B3245 /* UIView+WebCacheOperation.h */ = {isa = PBXFileReference; fileEncoding = 4; lastKnownFileType = sourcecode.c.h; path = "UIView+WebCacheOperation.h"; sourceTree = "<group>"; };
		180F1084201035AB003B3245 /* SDImageCache.m */ = {isa = PBXFileReference; fileEncoding = 4; lastKnownFileType = sourcecode.c.objc; path = SDImageCache.m; sourceTree = "<group>"; };
		180F1085201035AB003B3245 /* UIImageView+HighlightedWebCache.h */ = {isa = PBXFileReference; fileEncoding = 4; lastKnownFileType = sourcecode.c.h; path = "UIImageView+HighlightedWebCache.h"; sourceTree = "<group>"; };
		180F1086201035AB003B3245 /* SDWebImageDownloaderOperation.m */ = {isa = PBXFileReference; fileEncoding = 4; lastKnownFileType = sourcecode.c.objc; path = SDWebImageDownloaderOperation.m; sourceTree = "<group>"; };
		180F1087201035AB003B3245 /* SDWebImageDecoder.h */ = {isa = PBXFileReference; fileEncoding = 4; lastKnownFileType = sourcecode.c.h; path = SDWebImageDecoder.h; sourceTree = "<group>"; };
		180F1088201035AB003B3245 /* SDWebImageManager.h */ = {isa = PBXFileReference; fileEncoding = 4; lastKnownFileType = sourcecode.c.h; path = SDWebImageManager.h; sourceTree = "<group>"; };
		180F1089201035AB003B3245 /* NSData+ImageContentType.m */ = {isa = PBXFileReference; fileEncoding = 4; lastKnownFileType = sourcecode.c.objc; path = "NSData+ImageContentType.m"; sourceTree = "<group>"; };
		180F108A201035AB003B3245 /* UIImageView+WebCache.m */ = {isa = PBXFileReference; fileEncoding = 4; lastKnownFileType = sourcecode.c.objc; path = "UIImageView+WebCache.m"; sourceTree = "<group>"; };
		180F108B201035AB003B3245 /* SDWebImageOperation.h */ = {isa = PBXFileReference; fileEncoding = 4; lastKnownFileType = sourcecode.c.h; path = SDWebImageOperation.h; sourceTree = "<group>"; };
		180F108C201035AB003B3245 /* NSImage+WebCache.m */ = {isa = PBXFileReference; fileEncoding = 4; lastKnownFileType = sourcecode.c.objc; path = "NSImage+WebCache.m"; sourceTree = "<group>"; };
		180F108D201035AB003B3245 /* SDWebImageDownloader.h */ = {isa = PBXFileReference; fileEncoding = 4; lastKnownFileType = sourcecode.c.h; path = SDWebImageDownloader.h; sourceTree = "<group>"; };
		180F108E201035AB003B3245 /* SDImageCacheConfig.m */ = {isa = PBXFileReference; fileEncoding = 4; lastKnownFileType = sourcecode.c.objc; path = SDImageCacheConfig.m; sourceTree = "<group>"; };
		180F108F201035AB003B3245 /* UIView+WebCacheOperation.m */ = {isa = PBXFileReference; fileEncoding = 4; lastKnownFileType = sourcecode.c.objc; path = "UIView+WebCacheOperation.m"; sourceTree = "<group>"; };
		180F1090201035AB003B3245 /* UIView+WebCache.m */ = {isa = PBXFileReference; fileEncoding = 4; lastKnownFileType = sourcecode.c.objc; path = "UIView+WebCache.m"; sourceTree = "<group>"; };
		180F1091201035AB003B3245 /* SDWebImagePrefetcher.h */ = {isa = PBXFileReference; fileEncoding = 4; lastKnownFileType = sourcecode.c.h; path = SDWebImagePrefetcher.h; sourceTree = "<group>"; };
		180F1092201035AB003B3245 /* SDWebImageCompat.h */ = {isa = PBXFileReference; fileEncoding = 4; lastKnownFileType = sourcecode.c.h; path = SDWebImageCompat.h; sourceTree = "<group>"; };
		180F1093201035AB003B3245 /* UIImage+MultiFormat.h */ = {isa = PBXFileReference; fileEncoding = 4; lastKnownFileType = sourcecode.c.h; path = "UIImage+MultiFormat.h"; sourceTree = "<group>"; };
		180F1094201035AB003B3245 /* UIButton+WebCache.m */ = {isa = PBXFileReference; fileEncoding = 4; lastKnownFileType = sourcecode.c.objc; path = "UIButton+WebCache.m"; sourceTree = "<group>"; };
		180F1095201035AB003B3245 /* UIImage+GIF.h */ = {isa = PBXFileReference; fileEncoding = 4; lastKnownFileType = sourcecode.c.h; path = "UIImage+GIF.h"; sourceTree = "<group>"; };
		180F10AD2010421A003B3245 /* YYWeakProxy.m */ = {isa = PBXFileReference; fileEncoding = 4; lastKnownFileType = sourcecode.c.objc; path = YYWeakProxy.m; sourceTree = "<group>"; };
		180F10AE2010421A003B3245 /* YYFPSLabel.h */ = {isa = PBXFileReference; fileEncoding = 4; lastKnownFileType = sourcecode.c.h; path = YYFPSLabel.h; sourceTree = "<group>"; };
		180F10AF2010421A003B3245 /* YYFPSLabel.m */ = {isa = PBXFileReference; fileEncoding = 4; lastKnownFileType = sourcecode.c.objc; path = YYFPSLabel.m; sourceTree = "<group>"; };
		180F10B02010421A003B3245 /* YYWeakProxy.h */ = {isa = PBXFileReference; fileEncoding = 4; lastKnownFileType = sourcecode.c.h; path = YYWeakProxy.h; sourceTree = "<group>"; };
		180F10CC201070BF003B3245 /* TableViewCell.h */ = {isa = PBXFileReference; lastKnownFileType = sourcecode.c.h; path = TableViewCell.h; sourceTree = "<group>"; };
		180F10CD201070BF003B3245 /* TableViewCell.m */ = {isa = PBXFileReference; lastKnownFileType = sourcecode.c.objc; path = TableViewCell.m; sourceTree = "<group>"; };
		180F10CE201070BF003B3245 /* TableViewCell.xib */ = {isa = PBXFileReference; lastKnownFileType = file.xib; path = TableViewCell.xib; sourceTree = "<group>"; };
		180F10D620107286003B3245 /* SubTableViewCell.h */ = {isa = PBXFileReference; lastKnownFileType = sourcecode.c.h; path = SubTableViewCell.h; sourceTree = "<group>"; };
		180F10D720107286003B3245 /* SubTableViewCell.m */ = {isa = PBXFileReference; lastKnownFileType = sourcecode.c.objc; path = SubTableViewCell.m; sourceTree = "<group>"; };
		180F10D820107286003B3245 /* SubTableViewCell.xib */ = {isa = PBXFileReference; lastKnownFileType = file.xib; path = SubTableViewCell.xib; sourceTree = "<group>"; };
/* End PBXFileReference section */

/* Begin PBXFrameworksBuildPhase section */
		180F1045201032FB003B3245 /* Frameworks */ = {
			isa = PBXFrameworksBuildPhase;
			buildActionMask = 2147483647;
			files = (
			);
			runOnlyForDeploymentPostprocessing = 0;
		};
		180F105D201032FB003B3245 /* Frameworks */ = {
			isa = PBXFrameworksBuildPhase;
			buildActionMask = 2147483647;
			files = (
			);
			runOnlyForDeploymentPostprocessing = 0;
		};
/* End PBXFrameworksBuildPhase section */

/* Begin PBXGroup section */
		180F103F201032FB003B3245 = {
			isa = PBXGroup;
			children = (
				180F104A201032FB003B3245 /* SCDemo */,
				180F1063201032FB003B3245 /* SCDemoUITests */,
				180F1049201032FB003B3245 /* Products */,
			);
			sourceTree = "<group>";
		};
		180F1049201032FB003B3245 /* Products */ = {
			isa = PBXGroup;
			children = (
				180F1048201032FB003B3245 /* SCDemo.app */,
				180F1060201032FB003B3245 /* SCDemoUITests.xctest */,
			);
			name = Products;
			sourceTree = "<group>";
		};
		180F104A201032FB003B3245 /* SCDemo */ = {
			isa = PBXGroup;
			children = (
				180F104B201032FB003B3245 /* AppDelegate.h */,
				180F104C201032FB003B3245 /* AppDelegate.m */,
				180F104E201032FB003B3245 /* ViewController.h */,
				180F104F201032FB003B3245 /* ViewController.m */,
				180F10CC201070BF003B3245 /* TableViewCell.h */,
				180F10CD201070BF003B3245 /* TableViewCell.m */,
				180F10CE201070BF003B3245 /* TableViewCell.xib */,
				180F10D620107286003B3245 /* SubTableViewCell.h */,
				180F10D720107286003B3245 /* SubTableViewCell.m */,
				180F10D820107286003B3245 /* SubTableViewCell.xib */,
				180F10AC2010421A003B3245 /* YYFPSLabel */,
				180F106F201035AB003B3245 /* SDWebImage */,
				180F1051201032FB003B3245 /* Main.storyboard */,
				180F1054201032FB003B3245 /* Assets.xcassets */,
				180F1056201032FB003B3245 /* LaunchScreen.storyboard */,
				180F1059201032FB003B3245 /* Info.plist */,
				180F105A201032FB003B3245 /* main.m */,
			);
			path = SCDemo;
			sourceTree = "<group>";
		};
		180F1063201032FB003B3245 /* SCDemoUITests */ = {
			isa = PBXGroup;
			children = (
				180F1064201032FB003B3245 /* SCDemoUITests.m */,
				180F1066201032FB003B3245 /* Info.plist */,
			);
			path = SCDemoUITests;
			sourceTree = "<group>";
		};
		180F106F201035AB003B3245 /* SDWebImage */ = {
			isa = PBXGroup;
			children = (
				180F1070201035AB003B3245 /* LICENSE */,
				180F1071201035AB003B3245 /* README.md */,
				180F1072201035AB003B3245 /* SDWebImage */,
			);
			path = SDWebImage;
			sourceTree = "<group>";
		};
		180F1072201035AB003B3245 /* SDWebImage */ = {
			isa = PBXGroup;
			children = (
				180F1073201035AB003B3245 /* NSImage+WebCache.h */,
				180F1074201035AB003B3245 /* UIImageView+WebCache.h */,
				180F1075201035AB003B3245 /* NSData+ImageContentType.h */,
				180F1076201035AB003B3245 /* SDWebImageManager.m */,
				180F1077201035AB003B3245 /* SDWebImageDecoder.m */,
				180F1078201035AB003B3245 /* SDWebImageDownloaderOperation.h */,
				180F1079201035AB003B3245 /* UIImageView+HighlightedWebCache.m */,
				180F107A201035AB003B3245 /* SDImageCache.h */,
				180F107B201035AB003B3245 /* SDImageCacheConfig.h */,
				180F107C201035AB003B3245 /* SDWebImageDownloader.m */,
				180F107D201035AB003B3245 /* UIImage+GIF.m */,
				180F107E201035AB003B3245 /* UIButton+WebCache.h */,
				180F107F201035AB003B3245 /* UIImage+MultiFormat.m */,
				180F1080201035AB003B3245 /* SDWebImageCompat.m */,
				180F1081201035AB003B3245 /* SDWebImagePrefetcher.m */,
				180F1082201035AB003B3245 /* UIView+WebCache.h */,
				180F1083201035AB003B3245 /* UIView+WebCacheOperation.h */,
				180F1084201035AB003B3245 /* SDImageCache.m */,
				180F1085201035AB003B3245 /* UIImageView+HighlightedWebCache.h */,
				180F1086201035AB003B3245 /* SDWebImageDownloaderOperation.m */,
				180F1087201035AB003B3245 /* SDWebImageDecoder.h */,
				180F1088201035AB003B3245 /* SDWebImageManager.h */,
				180F1089201035AB003B3245 /* NSData+ImageContentType.m */,
				180F108A201035AB003B3245 /* UIImageView+WebCache.m */,
				180F108B201035AB003B3245 /* SDWebImageOperation.h */,
				180F108C201035AB003B3245 /* NSImage+WebCache.m */,
				180F108D201035AB003B3245 /* SDWebImageDownloader.h */,
				180F108E201035AB003B3245 /* SDImageCacheConfig.m */,
				180F108F201035AB003B3245 /* UIView+WebCacheOperation.m */,
				180F1090201035AB003B3245 /* UIView+WebCache.m */,
				180F1091201035AB003B3245 /* SDWebImagePrefetcher.h */,
				180F1092201035AB003B3245 /* SDWebImageCompat.h */,
				180F1093201035AB003B3245 /* UIImage+MultiFormat.h */,
				180F1094201035AB003B3245 /* UIButton+WebCache.m */,
				180F1095201035AB003B3245 /* UIImage+GIF.h */,
			);
			path = SDWebImage;
			sourceTree = "<group>";
		};
		180F10AC2010421A003B3245 /* YYFPSLabel */ = {
			isa = PBXGroup;
			children = (
				180F10AE2010421A003B3245 /* YYFPSLabel.h */,
				180F10AF2010421A003B3245 /* YYFPSLabel.m */,
				180F10B02010421A003B3245 /* YYWeakProxy.h */,
				180F10AD2010421A003B3245 /* YYWeakProxy.m */,
			);
			path = YYFPSLabel;
			sourceTree = "<group>";
		};
/* End PBXGroup section */

/* Begin PBXNativeTarget section */
		180F1047201032FB003B3245 /* SCDemo */ = {
			isa = PBXNativeTarget;
			buildConfigurationList = 180F1069201032FB003B3245 /* Build configuration list for PBXNativeTarget "SCDemo" */;
			buildPhases = (
				180F1044201032FB003B3245 /* Sources */,
				180F1045201032FB003B3245 /* Frameworks */,
				180F1046201032FB003B3245 /* Resources */,
			);
			buildRules = (
			);
			dependencies = (
			);
			name = SCDemo;
			productName = SCDemo;
			productReference = 180F1048201032FB003B3245 /* SCDemo.app */;
			productType = "com.apple.product-type.application";
		};
		180F105F201032FB003B3245 /* SCDemoUITests */ = {
			isa = PBXNativeTarget;
			buildConfigurationList = 180F106C201032FB003B3245 /* Build configuration list for PBXNativeTarget "SCDemoUITests" */;
			buildPhases = (
				180F105C201032FB003B3245 /* Sources */,
				180F105D201032FB003B3245 /* Frameworks */,
				180F105E201032FB003B3245 /* Resources */,
			);
			buildRules = (
			);
			dependencies = (
				180F1062201032FB003B3245 /* PBXTargetDependency */,
			);
			name = SCDemoUITests;
			productName = SCDemoUITests;
			productReference = 180F1060201032FB003B3245 /* SCDemoUITests.xctest */;
			productType = "com.apple.product-type.bundle.ui-testing";
		};
/* End PBXNativeTarget section */

/* Begin PBXProject section */
		180F1040201032FB003B3245 /* Project object */ = {
			isa = PBXProject;
			attributes = {
				LastUpgradeCheck = 0920;
				ORGANIZATIONNAME = apple;
				TargetAttributes = {
					180F1047201032FB003B3245 = {
						CreatedOnToolsVersion = 9.2;
						ProvisioningStyle = Automatic;
					};
					180F105F201032FB003B3245 = {
						CreatedOnToolsVersion = 9.2;
						ProvisioningStyle = Automatic;
						TestTargetID = 180F1047201032FB003B3245;
					};
				};
			};
			buildConfigurationList = 180F1043201032FB003B3245 /* Build configuration list for PBXProject "SCDemo" */;
			compatibilityVersion = "Xcode 8.0";
			developmentRegion = en;
			hasScannedForEncodings = 0;
			knownRegions = (
				en,
				Base,
			);
			mainGroup = 180F103F201032FB003B3245;
			productRefGroup = 180F1049201032FB003B3245 /* Products */;
			projectDirPath = "";
			projectRoot = "";
			targets = (
				180F1047201032FB003B3245 /* SCDemo */,
				180F105F201032FB003B3245 /* SCDemoUITests */,
			);
		};
/* End PBXProject section */

/* Begin PBXResourcesBuildPhase section */
		180F1046201032FB003B3245 /* Resources */ = {
			isa = PBXResourcesBuildPhase;
			buildActionMask = 2147483647;
			files = (
				180F1058201032FB003B3245 /* LaunchScreen.storyboard in Resources */,
				180F1055201032FB003B3245 /* Assets.xcassets in Resources */,
				180F10DA20107286003B3245 /* SubTableViewCell.xib in Resources */,
				180F10D0201070BF003B3245 /* TableViewCell.xib in Resources */,
				180F1097201035AB003B3245 /* README.md in Resources */,
				180F1096201035AB003B3245 /* LICENSE in Resources */,
				180F1053201032FB003B3245 /* Main.storyboard in Resources */,
			);
			runOnlyForDeploymentPostprocessing = 0;
		};
		180F105E201032FB003B3245 /* Resources */ = {
			isa = PBXResourcesBuildPhase;
			buildActionMask = 2147483647;
			files = (
			);
			runOnlyForDeploymentPostprocessing = 0;
		};
/* End PBXResourcesBuildPhase section */

/* Begin PBXSourcesBuildPhase section */
		180F1044201032FB003B3245 /* Sources */ = {
			isa = PBXSourcesBuildPhase;
			buildActionMask = 2147483647;
			files = (
				180F109A201035AB003B3245 /* UIImageView+HighlightedWebCache.m in Sources */,
				180F10B12010421A003B3245 /* YYWeakProxy.m in Sources */,
				180F1050201032FB003B3245 /* ViewController.m in Sources */,
				180F10A3201035AB003B3245 /* UIImageView+WebCache.m in Sources */,
				180F10D920107286003B3245 /* SubTableViewCell.m in Sources */,
				180F10A1201035AB003B3245 /* SDWebImageDownloaderOperation.m in Sources */,
				180F109C201035AB003B3245 /* UIImage+GIF.m in Sources */,
				180F10A5201035AB003B3245 /* SDImageCacheConfig.m in Sources */,
				180F10A2201035AB003B3245 /* NSData+ImageContentType.m in Sources */,
				180F1098201035AB003B3245 /* SDWebImageManager.m in Sources */,
				180F1099201035AB003B3245 /* SDWebImageDecoder.m in Sources */,
				180F10B22010421A003B3245 /* YYFPSLabel.m in Sources */,
				180F105B201032FB003B3245 /* main.m in Sources */,
				180F10A7201035AB003B3245 /* UIView+WebCache.m in Sources */,
				180F10CF201070BF003B3245 /* TableViewCell.m in Sources */,
				180F109B201035AB003B3245 /* SDWebImageDownloader.m in Sources */,
				180F10A0201035AB003B3245 /* SDImageCache.m in Sources */,
				180F109E201035AB003B3245 /* SDWebImageCompat.m in Sources */,
				180F109F201035AB003B3245 /* SDWebImagePrefetcher.m in Sources */,
				180F109D201035AB003B3245 /* UIImage+MultiFormat.m in Sources */,
				180F10A4201035AB003B3245 /* NSImage+WebCache.m in Sources */,
				180F10A8201035AB003B3245 /* UIButton+WebCache.m in Sources */,
				180F10A6201035AB003B3245 /* UIView+WebCacheOperation.m in Sources */,
				180F104D201032FB003B3245 /* AppDelegate.m in Sources */,
			);
			runOnlyForDeploymentPostprocessing = 0;
		};
		180F105C201032FB003B3245 /* Sources */ = {
			isa = PBXSourcesBuildPhase;
			buildActionMask = 2147483647;
			files = (
				180F1065201032FB003B3245 /* SCDemoUITests.m in Sources */,
			);
			runOnlyForDeploymentPostprocessing = 0;
		};
/* End PBXSourcesBuildPhase section */

/* Begin PBXTargetDependency section */
		180F1062201032FB003B3245 /* PBXTargetDependency */ = {
			isa = PBXTargetDependency;
			target = 180F1047201032FB003B3245 /* SCDemo */;
			targetProxy = 180F1061201032FB003B3245 /* PBXContainerItemProxy */;
		};
/* End PBXTargetDependency section */

/* Begin PBXVariantGroup section */
		180F1051201032FB003B3245 /* Main.storyboard */ = {
			isa = PBXVariantGroup;
			children = (
				180F1052201032FB003B3245 /* Base */,
			);
			name = Main.storyboard;
			sourceTree = "<group>";
		};
		180F1056201032FB003B3245 /* LaunchScreen.storyboard */ = {
			isa = PBXVariantGroup;
			children = (
				180F1057201032FB003B3245 /* Base */,
			);
			name = LaunchScreen.storyboard;
			sourceTree = "<group>";
		};
/* End PBXVariantGroup section */

/* Begin XCBuildConfiguration section */
		180F1067201032FB003B3245 /* Debug */ = {
			isa = XCBuildConfiguration;
			buildSettings = {
				ALWAYS_SEARCH_USER_PATHS = NO;
				CLANG_ANALYZER_NONNULL = YES;
				CLANG_ANALYZER_NUMBER_OBJECT_CONVERSION = YES_AGGRESSIVE;
				CLANG_CXX_LANGUAGE_STANDARD = "gnu++14";
				CLANG_CXX_LIBRARY = "libc++";
				CLANG_ENABLE_MODULES = YES;
				CLANG_ENABLE_OBJC_ARC = YES;
				CLANG_WARN_BLOCK_CAPTURE_AUTORELEASING = YES;
				CLANG_WARN_BOOL_CONVERSION = YES;
				CLANG_WARN_COMMA = YES;
				CLANG_WARN_CONSTANT_CONVERSION = YES;
				CLANG_WARN_DIRECT_OBJC_ISA_USAGE = YES_ERROR;
				CLANG_WARN_DOCUMENTATION_COMMENTS = YES;
				CLANG_WARN_EMPTY_BODY = YES;
				CLANG_WARN_ENUM_CONVERSION = YES;
				CLANG_WARN_INFINITE_RECURSION = YES;
				CLANG_WARN_INT_CONVERSION = YES;
				CLANG_WARN_NON_LITERAL_NULL_CONVERSION = YES;
				CLANG_WARN_OBJC_LITERAL_CONVERSION = YES;
				CLANG_WARN_OBJC_ROOT_CLASS = YES_ERROR;
				CLANG_WARN_RANGE_LOOP_ANALYSIS = YES;
				CLANG_WARN_STRICT_PROTOTYPES = YES;
				CLANG_WARN_SUSPICIOUS_MOVE = YES;
				CLANG_WARN_UNGUARDED_AVAILABILITY = YES_AGGRESSIVE;
				CLANG_WARN_UNREACHABLE_CODE = YES;
				CLANG_WARN__DUPLICATE_METHOD_MATCH = YES;
				CODE_SIGN_IDENTITY = "iPhone Developer";
				COPY_PHASE_STRIP = NO;
				DEBUG_INFORMATION_FORMAT = dwarf;
				ENABLE_STRICT_OBJC_MSGSEND = YES;
				ENABLE_TESTABILITY = YES;
				GCC_C_LANGUAGE_STANDARD = gnu11;
				GCC_DYNAMIC_NO_PIC = NO;
				GCC_NO_COMMON_BLOCKS = YES;
				GCC_OPTIMIZATION_LEVEL = 0;
				GCC_PREPROCESSOR_DEFINITIONS = (
					"DEBUG=1",
					"$(inherited)",
				);
				GCC_WARN_64_TO_32_BIT_CONVERSION = YES;
				GCC_WARN_ABOUT_RETURN_TYPE = YES_ERROR;
				GCC_WARN_UNDECLARED_SELECTOR = YES;
				GCC_WARN_UNINITIALIZED_AUTOS = YES_AGGRESSIVE;
				GCC_WARN_UNUSED_FUNCTION = YES;
				GCC_WARN_UNUSED_VARIABLE = YES;
				IPHONEOS_DEPLOYMENT_TARGET = 11.2;
				MTL_ENABLE_DEBUG_INFO = YES;
				ONLY_ACTIVE_ARCH = YES;
				SDKROOT = iphoneos;
			};
			name = Debug;
		};
		180F1068201032FB003B3245 /* Release */ = {
			isa = XCBuildConfiguration;
			buildSettings = {
				ALWAYS_SEARCH_USER_PATHS = NO;
				CLANG_ANALYZER_NONNULL = YES;
				CLANG_ANALYZER_NUMBER_OBJECT_CONVERSION = YES_AGGRESSIVE;
				CLANG_CXX_LANGUAGE_STANDARD = "gnu++14";
				CLANG_CXX_LIBRARY = "libc++";
				CLANG_ENABLE_MODULES = YES;
				CLANG_ENABLE_OBJC_ARC = YES;
				CLANG_WARN_BLOCK_CAPTURE_AUTORELEASING = YES;
				CLANG_WARN_BOOL_CONVERSION = YES;
				CLANG_WARN_COMMA = YES;
				CLANG_WARN_CONSTANT_CONVERSION = YES;
				CLANG_WARN_DIRECT_OBJC_ISA_USAGE = YES_ERROR;
				CLANG_WARN_DOCUMENTATION_COMMENTS = YES;
				CLANG_WARN_EMPTY_BODY = YES;
				CLANG_WARN_ENUM_CONVERSION = YES;
				CLANG_WARN_INFINITE_RECURSION = YES;
				CLANG_WARN_INT_CONVERSION = YES;
				CLANG_WARN_NON_LITERAL_NULL_CONVERSION = YES;
				CLANG_WARN_OBJC_LITERAL_CONVERSION = YES;
				CLANG_WARN_OBJC_ROOT_CLASS = YES_ERROR;
				CLANG_WARN_RANGE_LOOP_ANALYSIS = YES;
				CLANG_WARN_STRICT_PROTOTYPES = YES;
				CLANG_WARN_SUSPICIOUS_MOVE = YES;
				CLANG_WARN_UNGUARDED_AVAILABILITY = YES_AGGRESSIVE;
				CLANG_WARN_UNREACHABLE_CODE = YES;
				CLANG_WARN__DUPLICATE_METHOD_MATCH = YES;
				CODE_SIGN_IDENTITY = "iPhone Developer";
				COPY_PHASE_STRIP = NO;
				DEBUG_INFORMATION_FORMAT = "dwarf-with-dsym";
				ENABLE_NS_ASSERTIONS = NO;
				ENABLE_STRICT_OBJC_MSGSEND = YES;
				GCC_C_LANGUAGE_STANDARD = gnu11;
				GCC_NO_COMMON_BLOCKS = YES;
				GCC_WARN_64_TO_32_BIT_CONVERSION = YES;
				GCC_WARN_ABOUT_RETURN_TYPE = YES_ERROR;
				GCC_WARN_UNDECLARED_SELECTOR = YES;
				GCC_WARN_UNINITIALIZED_AUTOS = YES_AGGRESSIVE;
				GCC_WARN_UNUSED_FUNCTION = YES;
				GCC_WARN_UNUSED_VARIABLE = YES;
				IPHONEOS_DEPLOYMENT_TARGET = 11.2;
				MTL_ENABLE_DEBUG_INFO = NO;
				SDKROOT = iphoneos;
				VALIDATE_PRODUCT = YES;
			};
			name = Release;
		};
		180F106A201032FB003B3245 /* Debug */ = {
			isa = XCBuildConfiguration;
			buildSettings = {
				ASSETCATALOG_COMPILER_APPICON_NAME = AppIcon;
				CODE_SIGN_STYLE = Automatic;
				DEVELOPMENT_TEAM = 58R7H452RZ;
				INFOPLIST_FILE = SCDemo/Info.plist;
				LD_RUNPATH_SEARCH_PATHS = "$(inherited) @executable_path/Frameworks";
				PRODUCT_BUNDLE_IDENTIFIER = com.ChengNing.SCDemo;
				PRODUCT_NAME = "$(TARGET_NAME)";
				TARGETED_DEVICE_FAMILY = "1,2";
			};
			name = Debug;
		};
		180F106B201032FB003B3245 /* Release */ = {
			isa = XCBuildConfiguration;
			buildSettings = {
				ASSETCATALOG_COMPILER_APPICON_NAME = AppIcon;
				CODE_SIGN_STYLE = Automatic;
				DEVELOPMENT_TEAM = 58R7H452RZ;
				INFOPLIST_FILE = SCDemo/Info.plist;
				LD_RUNPATH_SEARCH_PATHS = "$(inherited) @executable_path/Frameworks";
				PRODUCT_BUNDLE_IDENTIFIER = com.ChengNing.SCDemo;
				PRODUCT_NAME = "$(TARGET_NAME)";
				TARGETED_DEVICE_FAMILY = "1,2";
			};
			name = Release;
		};
		180F106D201032FB003B3245 /* Debug */ = {
			isa = XCBuildConfiguration;
			buildSettings = {
				CODE_SIGN_STYLE = Automatic;
				DEVELOPMENT_TEAM = 58R7H452RZ;
				INFOPLIST_FILE = SCDemoUITests/Info.plist;
				LD_RUNPATH_SEARCH_PATHS = "$(inherited) @executable_path/Frameworks @loader_path/Frameworks";
				PRODUCT_BUNDLE_IDENTIFIER = com.ChengNing.SCDemoUITests;
				PRODUCT_NAME = "$(TARGET_NAME)";
				TARGETED_DEVICE_FAMILY = "1,2";
				TEST_TARGET_NAME = SCDemo;
			};
			name = Debug;
		};
		180F106E201032FB003B3245 /* Release */ = {
			isa = XCBuildConfiguration;
			buildSettings = {
				CODE_SIGN_STYLE = Automatic;
				DEVELOPMENT_TEAM = 58R7H452RZ;
				INFOPLIST_FILE = SCDemoUITests/Info.plist;
				LD_RUNPATH_SEARCH_PATHS = "$(inherited) @executable_path/Frameworks @loader_path/Frameworks";
				PRODUCT_BUNDLE_IDENTIFIER = com.ChengNing.SCDemoUITests;
				PRODUCT_NAME = "$(TARGET_NAME)";
				TARGETED_DEVICE_FAMILY = "1,2";
				TEST_TARGET_NAME = SCDemo;
			};
			name = Release;
		};
/* End XCBuildConfiguration section */

/* Begin XCConfigurationList section */
		180F1043201032FB003B3245 /* Build configuration list for PBXProject "SCDemo" */ = {
			isa = XCConfigurationList;
			buildConfigurations = (
				180F1067201032FB003B3245 /* Debug */,
				180F1068201032FB003B3245 /* Release */,
			);
			defaultConfigurationIsVisible = 0;
			defaultConfigurationName = Release;
		};
		180F1069201032FB003B3245 /* Build configuration list for PBXNativeTarget "SCDemo" */ = {
			isa = XCConfigurationList;
			buildConfigurations = (
				180F106A201032FB003B3245 /* Debug */,
				180F106B201032FB003B3245 /* Release */,
			);
			defaultConfigurationIsVisible = 0;
			defaultConfigurationName = Release;
		};
		180F106C201032FB003B3245 /* Build configuration list for PBXNativeTarget "SCDemoUITests" */ = {
			isa = XCConfigurationList;
			buildConfigurations = (
				180F106D201032FB003B3245 /* Debug */,
				180F106E201032FB003B3245 /* Release */,
			);
			defaultConfigurationIsVisible = 0;
			defaultConfigurationName = Release;
		};
/* End XCConfigurationList section */
	};
	rootObject = 180F1040201032FB003B3245 /* Project object */;
}
